
Microsoft Visual Studio Solution File, Format Version 12.00
# Visual Studio Version 16
VisualStudioVersion = 16.0.36324.18
MinimumVisualStudioVersion = 10.0.40219.1
Project("{888888A0-9F3D-457C-B088-3A5042F75D52}") = "Задание4", "Задание4.pyproj", "{C08AFDEC-3E93-4707-B7AA-19234D23BA82}"
EndProject
Global
	GlobalSection(SolutionConfigurationPlatforms) = preSolution
		Debug|Any CPU = Debug|Any CPU
		Release|Any CPU = Release|Any CPU
	EndGlobalSection
	GlobalSection(ProjectConfigurationPlatforms) = postSolution
		{C08AFDEC-3E93-4707-B7AA-19234D23BA82}.Debug|Any CPU.ActiveCfg = Debug|Any CPU
		{C08AFDEC-3E93-4707-B7AA-19234D23BA82}.Debug|Any CPU.Build.0 = Debug|Any CPU
		{C08AFDEC-3E93-4707-B7AA-19234D23BA82}.Release|Any CPU.ActiveCfg = Release|Any CPU
		{C08AFDEC-3E93-4707-B7AA-19234D23BA82}.Release|Any CPU.Build.0 = Release|Any CPU
	EndGlobalSection
	GlobalSection(SolutionProperties) = preSolution
		HideSolutionNode = FALSE
	EndGlobalSection
	GlobalSection(ExtensibilityGlobals) = postSolution
		SolutionGuid = {D889CE86-0031-412A-AADF-4AB109FD0344}
	EndGlobalSection
EndGlobal
